
Microsoft Visual Studio Solution File, Format Version 12.00
Project("{F2A71F9B-5D33-465A-A702-920D77279786}") = "Origami", "Origami\Origami.fsproj", "{B7D9C645-490F-4B33-B15A-8B4D078B4337}"
EndProject
Project("{F2A71F9B-5D33-465A-A702-920D77279786}") = "Fold", "Fold\Fold.fsproj", "{8FECB05E-0A2F-4FAB-9A76-E5E8A99DEABD}"
EndProject
Project("{F2A71F9B-5D33-465A-A702-920D77279786}") = "FoldTests", "FoldTests\FoldTests.fsproj", "{1163E348-D80F-487A-95EE-EA2B530BE9D1}"
EndProject
Project("{FAE04EC0-301F-11D3-BF4B-00C04F79EFBC}") = "Gui", "Gui\Gui.csproj", "{27659D87-9E3F-42AF-B53A-25D2292A442A}"
EndProject
Global
	GlobalSection(SolutionConfigurationPlatforms) = preSolution
		Debug|Any CPU = Debug|Any CPU
		Release|Any CPU = Release|Any CPU
	EndGlobalSection
	GlobalSection(ProjectConfigurationPlatforms) = postSolution
		{B7D9C645-490F-4B33-B15A-8B4D078B4337}.Debug|Any CPU.ActiveCfg = Debug|Any CPU
		{B7D9C645-490F-4B33-B15A-8B4D078B4337}.Debug|Any CPU.Build.0 = Debug|Any CPU
		{B7D9C645-490F-4B33-B15A-8B4D078B4337}.Release|Any CPU.ActiveCfg = Release|Any CPU
		{B7D9C645-490F-4B33-B15A-8B4D078B4337}.Release|Any CPU.Build.0 = Release|Any CPU
		{8FECB05E-0A2F-4FAB-9A76-E5E8A99DEABD}.Debug|Any CPU.ActiveCfg = Debug|Any CPU
		{8FECB05E-0A2F-4FAB-9A76-E5E8A99DEABD}.Debug|Any CPU.Build.0 = Debug|Any CPU
		{8FECB05E-0A2F-4FAB-9A76-E5E8A99DEABD}.Release|Any CPU.ActiveCfg = Release|Any CPU
		{8FECB05E-0A2F-4FAB-9A76-E5E8A99DEABD}.Release|Any CPU.Build.0 = Release|Any CPU
		{1163E348-D80F-487A-95EE-EA2B530BE9D1}.Debug|Any CPU.ActiveCfg = Debug|Any CPU
		{1163E348-D80F-487A-95EE-EA2B530BE9D1}.Debug|Any CPU.Build.0 = Debug|Any CPU
		{1163E348-D80F-487A-95EE-EA2B530BE9D1}.Release|Any CPU.ActiveCfg = Release|Any CPU
		{1163E348-D80F-487A-95EE-EA2B530BE9D1}.Release|Any CPU.Build.0 = Release|Any CPU
		{27659D87-9E3F-42AF-B53A-25D2292A442A}.Debug|Any CPU.ActiveCfg = Debug|Any CPU
		{27659D87-9E3F-42AF-B53A-25D2292A442A}.Debug|Any CPU.Build.0 = Debug|Any CPU
		{27659D87-9E3F-42AF-B53A-25D2292A442A}.Release|Any CPU.ActiveCfg = Debug|Any CPU
		{27659D87-9E3F-42AF-B53A-25D2292A442A}.Release|Any CPU.Build.0 = Debug|Any CPU
	EndGlobalSection
EndGlobal
