
Microsoft Visual Studio Solution File, Format Version 12.00
Project("{F2A71F9B-5D33-465A-A702-920D77279786}") = "Origami", "Origami\Origami.fsproj", "{B7D9C645-490F-4B33-B15A-8B4D078B4337}"
EndProject
Global
	GlobalSection(SolutionConfigurationPlatforms) = preSolution
		Debug|Any CPU = Debug|Any CPU
		Release|Any CPU = Release|Any CPU
	EndGlobalSection
	GlobalSection(ProjectConfigurationPlatforms) = postSolution
		{B7D9C645-490F-4B33-B15A-8B4D078B4337}.Debug|Any CPU.ActiveCfg = Debug|Any CPU
		{B7D9C645-490F-4B33-B15A-8B4D078B4337}.Debug|Any CPU.Build.0 = Debug|Any CPU
		{B7D9C645-490F-4B33-B15A-8B4D078B4337}.Release|Any CPU.ActiveCfg = Release|Any CPU
		{B7D9C645-490F-4B33-B15A-8B4D078B4337}.Release|Any CPU.Build.0 = Release|Any CPU
	EndGlobalSection
EndGlobal
