Microsoft Visual Studio Solution File, Format Version 12.00
# Visual Studio 2012
Project("{FAE04EC0-301F-11D3-BF4B-00C04F79EFBC}") = "Gui", "Gui\Gui.csproj", "{B781A4FF-D4B3-4141-812F-6FD240D3F953}"
EndProject
Global
	GlobalSection(SolutionConfigurationPlatforms) = preSolution
	Debug|Any CPU = Debug|Any CPU
	ExportDebug|Any CPU = ExportDebug|Any CPU
	ExportRelease|Any CPU = ExportRelease|Any CPU
	EndGlobalSection
	GlobalSection(ProjectConfigurationPlatforms) = postSolution
		{B781A4FF-D4B3-4141-812F-6FD240D3F953}.Debug|Any CPU.ActiveCfg = Debug|Any CPU
		{B781A4FF-D4B3-4141-812F-6FD240D3F953}.Debug|Any CPU.Build.0 = Debug|Any CPU
		{B781A4FF-D4B3-4141-812F-6FD240D3F953}.ExportDebug|Any CPU.ActiveCfg = ExportDebug|Any CPU
		{B781A4FF-D4B3-4141-812F-6FD240D3F953}.ExportDebug|Any CPU.Build.0 = ExportDebug|Any CPU
		{B781A4FF-D4B3-4141-812F-6FD240D3F953}.ExportRelease|Any CPU.ActiveCfg = ExportRelease|Any CPU
		{B781A4FF-D4B3-4141-812F-6FD240D3F953}.ExportRelease|Any CPU.Build.0 = ExportRelease|Any CPU
	EndGlobalSection
EndGlobal
